
Microsoft Visual Studio Solution File, Format Version 12.00
# Visual Studio Version 16
VisualStudioVersion = 16.0.30114.105
MinimumVisualStudioVersion = 10.0.40219.1
Project("{2150E333-8FDC-42A3-9474-1A3956D46DE8}") = "src", "src", "{99AD07E5-32DA-45A3-B52D-F96505294411}"
EndProject
Project("{FAE04EC0-301F-11D3-BF4B-00C04F79EFBC}") = "Opdex.Auth.Api", "src\Opdex.Auth.Api\Opdex.Auth.Api.csproj", "{85F7FAFF-5E5C-47CD-901F-B0AF06F617A0}"
EndProject
Project("{2150E333-8FDC-42A3-9474-1A3956D46DE8}") = "test", "test", "{FB55B41E-F945-4B70-9C86-B5D427B726E9}"
EndProject
Project("{FAE04EC0-301F-11D3-BF4B-00C04F79EFBC}") = "Opdex.Auth.Api.Tests", "test\Opdex.Auth.Api.Tests\Opdex.Auth.Api.Tests.csproj", "{97FB354D-F799-41F8-8467-344772C6F2A8}"
EndProject
Project("{FAE04EC0-301F-11D3-BF4B-00C04F79EFBC}") = "Opdex.Auth.Infrastructure", "src\Opdex.Auth.Infrastructure\Opdex.Auth.Infrastructure.csproj", "{E9EA6E35-BDEF-45F2-8DE7-9D5DCF674BC7}"
EndProject
Project("{FAE04EC0-301F-11D3-BF4B-00C04F79EFBC}") = "Opdex.Auth.Domain", "src\Opdex.Auth.Domain\Opdex.Auth.Domain.csproj", "{88007869-53FC-4843-972F-CB70B4F6BE1B}"
EndProject
Project("{FAE04EC0-301F-11D3-BF4B-00C04F79EFBC}") = "Opdex.Auth.Infrastructure.Tests", "test\Opdex.Auth.Infrastructure.Tests\Opdex.Auth.Infrastructure.Tests.csproj", "{03486E71-B500-495B-9C3E-5822AC8D6752}"
EndProject
Project("{FAE04EC0-301F-11D3-BF4B-00C04F79EFBC}") = "Opdex.Auth.Domain.Tests", "test\Opdex.Auth.Domain.Tests\Opdex.Auth.Domain.Tests.csproj", "{CEBDDBEE-C310-4791-8CF2-C5E008C8C002}"
EndProject
Global
	GlobalSection(SolutionConfigurationPlatforms) = preSolution
		Debug|Any CPU = Debug|Any CPU
		Release|Any CPU = Release|Any CPU
	EndGlobalSection
	GlobalSection(SolutionProperties) = preSolution
		HideSolutionNode = FALSE
	EndGlobalSection
	GlobalSection(ProjectConfigurationPlatforms) = postSolution
		{85F7FAFF-5E5C-47CD-901F-B0AF06F617A0}.Debug|Any CPU.ActiveCfg = Debug|Any CPU
		{85F7FAFF-5E5C-47CD-901F-B0AF06F617A0}.Debug|Any CPU.Build.0 = Debug|Any CPU
		{85F7FAFF-5E5C-47CD-901F-B0AF06F617A0}.Release|Any CPU.ActiveCfg = Release|Any CPU
		{85F7FAFF-5E5C-47CD-901F-B0AF06F617A0}.Release|Any CPU.Build.0 = Release|Any CPU
		{97FB354D-F799-41F8-8467-344772C6F2A8}.Debug|Any CPU.ActiveCfg = Debug|Any CPU
		{97FB354D-F799-41F8-8467-344772C6F2A8}.Debug|Any CPU.Build.0 = Debug|Any CPU
		{97FB354D-F799-41F8-8467-344772C6F2A8}.Release|Any CPU.ActiveCfg = Release|Any CPU
		{97FB354D-F799-41F8-8467-344772C6F2A8}.Release|Any CPU.Build.0 = Release|Any CPU
		{E9EA6E35-BDEF-45F2-8DE7-9D5DCF674BC7}.Debug|Any CPU.ActiveCfg = Debug|Any CPU
		{E9EA6E35-BDEF-45F2-8DE7-9D5DCF674BC7}.Debug|Any CPU.Build.0 = Debug|Any CPU
		{E9EA6E35-BDEF-45F2-8DE7-9D5DCF674BC7}.Release|Any CPU.ActiveCfg = Release|Any CPU
		{E9EA6E35-BDEF-45F2-8DE7-9D5DCF674BC7}.Release|Any CPU.Build.0 = Release|Any CPU
		{88007869-53FC-4843-972F-CB70B4F6BE1B}.Debug|Any CPU.ActiveCfg = Debug|Any CPU
		{88007869-53FC-4843-972F-CB70B4F6BE1B}.Debug|Any CPU.Build.0 = Debug|Any CPU
		{88007869-53FC-4843-972F-CB70B4F6BE1B}.Release|Any CPU.ActiveCfg = Release|Any CPU
		{88007869-53FC-4843-972F-CB70B4F6BE1B}.Release|Any CPU.Build.0 = Release|Any CPU
		{03486E71-B500-495B-9C3E-5822AC8D6752}.Debug|Any CPU.ActiveCfg = Debug|Any CPU
		{03486E71-B500-495B-9C3E-5822AC8D6752}.Debug|Any CPU.Build.0 = Debug|Any CPU
		{03486E71-B500-495B-9C3E-5822AC8D6752}.Release|Any CPU.ActiveCfg = Release|Any CPU
		{03486E71-B500-495B-9C3E-5822AC8D6752}.Release|Any CPU.Build.0 = Release|Any CPU
		{CEBDDBEE-C310-4791-8CF2-C5E008C8C002}.Debug|Any CPU.ActiveCfg = Debug|Any CPU
		{CEBDDBEE-C310-4791-8CF2-C5E008C8C002}.Debug|Any CPU.Build.0 = Debug|Any CPU
		{CEBDDBEE-C310-4791-8CF2-C5E008C8C002}.Release|Any CPU.ActiveCfg = Release|Any CPU
		{CEBDDBEE-C310-4791-8CF2-C5E008C8C002}.Release|Any CPU.Build.0 = Release|Any CPU
	EndGlobalSection
	GlobalSection(NestedProjects) = preSolution
		{85F7FAFF-5E5C-47CD-901F-B0AF06F617A0} = {99AD07E5-32DA-45A3-B52D-F96505294411}
		{97FB354D-F799-41F8-8467-344772C6F2A8} = {FB55B41E-F945-4B70-9C86-B5D427B726E9}
		{E9EA6E35-BDEF-45F2-8DE7-9D5DCF674BC7} = {99AD07E5-32DA-45A3-B52D-F96505294411}
		{88007869-53FC-4843-972F-CB70B4F6BE1B} = {99AD07E5-32DA-45A3-B52D-F96505294411}
		{03486E71-B500-495B-9C3E-5822AC8D6752} = {FB55B41E-F945-4B70-9C86-B5D427B726E9}
		{CEBDDBEE-C310-4791-8CF2-C5E008C8C002} = {FB55B41E-F945-4B70-9C86-B5D427B726E9}
	EndGlobalSection
EndGlobal
